
Microsoft Visual Studio Solution File, Format Version 12.00
# Visual Studio 15
VisualStudioVersion = 15.0.26403.7
MinimumVisualStudioVersion = 10.0.40219.1
Project("{2150E333-8FDC-42A3-9474-1A3956D46DE8}") = "Dependencies", "Dependencies", "{36640347-8013-4A8B-B2F2-423B7E905403}"
EndProject
Project("{FAE04EC0-301F-11D3-BF4B-00C04F79EFBC}") = "CodeTweet.DomainModel", "CodeTweet.DomainModel\CodeTweet.DomainModel.csproj", "{371D62F9-4F30-431C-89E5-1148BDCA20B0}"
EndProject
Project("{FAE04EC0-301F-11D3-BF4B-00C04F79EFBC}") = "CodeTweet.Notifications", "CodeTweet.Notifications\CodeTweet.Notifications.csproj", "{F989519C-07F6-44B4-BA69-8A6DD7D7F0BC}"
EndProject
Project("{FAE04EC0-301F-11D3-BF4B-00C04F79EFBC}") = "CodeTweet.Queueing", "CodeTweet.Queueing\CodeTweet.Queueing.csproj", "{82E1DC8C-EE4A-43E8-8BEB-A9536888D2DD}"
EndProject
Project("{FAE04EC0-301F-11D3-BF4B-00C04F79EFBC}") = "CodeTweet.IdentityDal", "CodeTweet.IdentityDal\CodeTweet.IdentityDal.csproj", "{10936260-F00F-44D0-8B98-824C2B60A76F}"
EndProject
Project("{FAE04EC0-301F-11D3-BF4B-00C04F79EFBC}") = "CodeTweet.TweetsDal", "CodeTweet.TweetsDal\CodeTweet.TweetsDal.csproj", "{8C6E84AB-6663-4305-9C46-9EAD0AAC596F}"
EndProject
Project("{FAE04EC0-301F-11D3-BF4B-00C04F79EFBC}") = "CodeTweet.Worker", "CodeTweet.Worker\CodeTweet.Worker.csproj", "{7F358422-54FA-46D9-B596-DABE0E6D512D}"
EndProject
Project("{FAE04EC0-301F-11D3-BF4B-00C04F79EFBC}") = "CodeTweet.Web", "CodeTweet.Web\CodeTweet.Web.csproj", "{F0346E48-4986-4F9A-98B0-04966A60CE26}"
EndProject
Global
	GlobalSection(SolutionConfigurationPlatforms) = preSolution
		Debug|Any CPU = Debug|Any CPU
		Release|Any CPU = Release|Any CPU
	EndGlobalSection
	GlobalSection(ProjectConfigurationPlatforms) = postSolution
		{371D62F9-4F30-431C-89E5-1148BDCA20B0}.Debug|Any CPU.ActiveCfg = Debug|Any CPU
		{371D62F9-4F30-431C-89E5-1148BDCA20B0}.Debug|Any CPU.Build.0 = Debug|Any CPU
		{371D62F9-4F30-431C-89E5-1148BDCA20B0}.Release|Any CPU.ActiveCfg = Release|Any CPU
		{371D62F9-4F30-431C-89E5-1148BDCA20B0}.Release|Any CPU.Build.0 = Release|Any CPU
		{F989519C-07F6-44B4-BA69-8A6DD7D7F0BC}.Debug|Any CPU.ActiveCfg = Debug|Any CPU
		{F989519C-07F6-44B4-BA69-8A6DD7D7F0BC}.Debug|Any CPU.Build.0 = Debug|Any CPU
		{F989519C-07F6-44B4-BA69-8A6DD7D7F0BC}.Release|Any CPU.ActiveCfg = Release|Any CPU
		{F989519C-07F6-44B4-BA69-8A6DD7D7F0BC}.Release|Any CPU.Build.0 = Release|Any CPU
		{82E1DC8C-EE4A-43E8-8BEB-A9536888D2DD}.Debug|Any CPU.ActiveCfg = Debug|Any CPU
		{82E1DC8C-EE4A-43E8-8BEB-A9536888D2DD}.Debug|Any CPU.Build.0 = Debug|Any CPU
		{82E1DC8C-EE4A-43E8-8BEB-A9536888D2DD}.Release|Any CPU.ActiveCfg = Release|Any CPU
		{82E1DC8C-EE4A-43E8-8BEB-A9536888D2DD}.Release|Any CPU.Build.0 = Release|Any CPU
		{10936260-F00F-44D0-8B98-824C2B60A76F}.Debug|Any CPU.ActiveCfg = Debug|Any CPU
		{10936260-F00F-44D0-8B98-824C2B60A76F}.Debug|Any CPU.Build.0 = Debug|Any CPU
		{10936260-F00F-44D0-8B98-824C2B60A76F}.Release|Any CPU.ActiveCfg = Release|Any CPU
		{10936260-F00F-44D0-8B98-824C2B60A76F}.Release|Any CPU.Build.0 = Release|Any CPU
		{8C6E84AB-6663-4305-9C46-9EAD0AAC596F}.Debug|Any CPU.ActiveCfg = Debug|Any CPU
		{8C6E84AB-6663-4305-9C46-9EAD0AAC596F}.Debug|Any CPU.Build.0 = Debug|Any CPU
		{8C6E84AB-6663-4305-9C46-9EAD0AAC596F}.Release|Any CPU.ActiveCfg = Release|Any CPU
		{8C6E84AB-6663-4305-9C46-9EAD0AAC596F}.Release|Any CPU.Build.0 = Release|Any CPU
		{7F358422-54FA-46D9-B596-DABE0E6D512D}.Debug|Any CPU.ActiveCfg = Debug|Any CPU
		{7F358422-54FA-46D9-B596-DABE0E6D512D}.Debug|Any CPU.Build.0 = Debug|Any CPU
		{7F358422-54FA-46D9-B596-DABE0E6D512D}.Release|Any CPU.ActiveCfg = Release|Any CPU
		{7F358422-54FA-46D9-B596-DABE0E6D512D}.Release|Any CPU.Build.0 = Release|Any CPU
		{F0346E48-4986-4F9A-98B0-04966A60CE26}.Debug|Any CPU.ActiveCfg = Debug|Any CPU
		{F0346E48-4986-4F9A-98B0-04966A60CE26}.Debug|Any CPU.Build.0 = Debug|Any CPU
		{F0346E48-4986-4F9A-98B0-04966A60CE26}.Release|Any CPU.ActiveCfg = Release|Any CPU
		{F0346E48-4986-4F9A-98B0-04966A60CE26}.Release|Any CPU.Build.0 = Release|Any CPU
	EndGlobalSection
	GlobalSection(SolutionProperties) = preSolution
		HideSolutionNode = FALSE
	EndGlobalSection
	GlobalSection(NestedProjects) = preSolution
		{371D62F9-4F30-431C-89E5-1148BDCA20B0} = {36640347-8013-4A8B-B2F2-423B7E905403}
		{F989519C-07F6-44B4-BA69-8A6DD7D7F0BC} = {36640347-8013-4A8B-B2F2-423B7E905403}
		{82E1DC8C-EE4A-43E8-8BEB-A9536888D2DD} = {36640347-8013-4A8B-B2F2-423B7E905403}
		{10936260-F00F-44D0-8B98-824C2B60A76F} = {36640347-8013-4A8B-B2F2-423B7E905403}
		{8C6E84AB-6663-4305-9C46-9EAD0AAC596F} = {36640347-8013-4A8B-B2F2-423B7E905403}
	EndGlobalSection
EndGlobal
